
Microsoft Visual Studio Solution File, Format Version 12.00
# Visual Studio Version 16
VisualStudioVersion = 16.0.31205.134
MinimumVisualStudioVersion = 10.0.40219.1
Project("{FAE04EC0-301F-11D3-BF4B-00C04F79EFBC}") = "NationInformation", "NationInformation\NationInformation.csproj", "{94583E7C-BF3C-4971-8385-CF3664382A56}"
EndProject
Global
	GlobalSection(SolutionConfigurationPlatforms) = preSolution
		Debug|Any CPU = Debug|Any CPU
		Release|Any CPU = Release|Any CPU
	EndGlobalSection
	GlobalSection(ProjectConfigurationPlatforms) = postSolution
		{94583E7C-BF3C-4971-8385-CF3664382A56}.Debug|Any CPU.ActiveCfg = Debug|Any CPU
		{94583E7C-BF3C-4971-8385-CF3664382A56}.Debug|Any CPU.Build.0 = Debug|Any CPU
		{94583E7C-BF3C-4971-8385-CF3664382A56}.Release|Any CPU.ActiveCfg = Release|Any CPU
		{94583E7C-BF3C-4971-8385-CF3664382A56}.Release|Any CPU.Build.0 = Release|Any CPU
	EndGlobalSection
	GlobalSection(SolutionProperties) = preSolution
		HideSolutionNode = FALSE
	EndGlobalSection
	GlobalSection(ExtensibilityGlobals) = postSolution
		SolutionGuid = {853A55F6-3B1A-4C4A-9444-DADD81A2CBC0}
	EndGlobalSection
EndGlobal
